
Microsoft Visual Studio Solution File, Format Version 12.00
# Visual Studio Version 16
VisualStudioVersion = 16.0.29409.12
MinimumVisualStudioVersion = 10.0.40219.1
Project("{9A19103F-16F7-4668-BE54-9A1E7A4F7556}") = "Pixeval", "Pixeval\Pixeval.csproj", "{202E75D6-C139-429E-B8BB-24EFB567742D}"
EndProject
Global
	GlobalSection(SolutionConfigurationPlatforms) = preSolution
		Debug|Any CPU = Debug|Any CPU
		Release|Any CPU = Release|Any CPU
	EndGlobalSection
	GlobalSection(ProjectConfigurationPlatforms) = postSolution
		{202E75D6-C139-429E-B8BB-24EFB567742D}.Debug|Any CPU.ActiveCfg = Debug|Any CPU
		{202E75D6-C139-429E-B8BB-24EFB567742D}.Debug|Any CPU.Build.0 = Debug|Any CPU
		{202E75D6-C139-429E-B8BB-24EFB567742D}.Release|Any CPU.ActiveCfg = Release|Any CPU
		{202E75D6-C139-429E-B8BB-24EFB567742D}.Release|Any CPU.Build.0 = Release|Any CPU
	EndGlobalSection
	GlobalSection(SolutionProperties) = preSolution
		HideSolutionNode = FALSE
	EndGlobalSection
	GlobalSection(ExtensibilityGlobals) = postSolution
		SolutionGuid = {5D337CDE-8A3E-4535-87FD-BEDAA7FCB6AA}
	EndGlobalSection
EndGlobal
