
Microsoft Visual Studio Solution File, Format Version 12.00
# Visual Studio Version 16
VisualStudioVersion = 16.0.30104.148
MinimumVisualStudioVersion = 10.0.40219.1
Project("{9A19103F-16F7-4668-BE54-9A1E7A4F7556}") = "Pixeval", "Pixeval\Pixeval.csproj", "{3F5E9BB6-B8F1-453F-89E9-F719342D1E16}"
EndProject
Project("{9A19103F-16F7-4668-BE54-9A1E7A4F7556}") = "Pixeval.Updater", "Pixeval.Updater\Pixeval.Updater.csproj", "{D328EB05-39B1-46A9-B874-113F362DD589}"
EndProject
Project("{2150E333-8FDC-42A3-9474-1A3956D46DE8}") = "Solution Items", "Solution Items", "{D044DAED-2EF7-43B0-9C75-7714DC021F3B}"
EndProject
Global
	GlobalSection(SolutionConfigurationPlatforms) = preSolution
		Debug|Any CPU = Debug|Any CPU
		Debug|x64 = Debug|x64
		Debug|x86 = Debug|x86
		Release|Any CPU = Release|Any CPU
		Release|x64 = Release|x64
		Release|x86 = Release|x86
	EndGlobalSection
	GlobalSection(ProjectConfigurationPlatforms) = postSolution
		{3F5E9BB6-B8F1-453F-89E9-F719342D1E16}.Debug|Any CPU.ActiveCfg = Debug|Any CPU
		{3F5E9BB6-B8F1-453F-89E9-F719342D1E16}.Debug|x64.ActiveCfg = Debug|x64
		{3F5E9BB6-B8F1-453F-89E9-F719342D1E16}.Debug|x64.Build.0 = Debug|x64
		{3F5E9BB6-B8F1-453F-89E9-F719342D1E16}.Debug|x86.ActiveCfg = Debug|x86
		{3F5E9BB6-B8F1-453F-89E9-F719342D1E16}.Release|Any CPU.ActiveCfg = Debug|Any CPU
		{3F5E9BB6-B8F1-453F-89E9-F719342D1E16}.Release|x64.ActiveCfg = Release|Any CPU
		{3F5E9BB6-B8F1-453F-89E9-F719342D1E16}.Release|x64.Build.0 = Release|Any CPU
		{3F5E9BB6-B8F1-453F-89E9-F719342D1E16}.Release|x86.ActiveCfg = Release|x86
		{D328EB05-39B1-46A9-B874-113F362DD589}.Debug|Any CPU.ActiveCfg = Debug|Any CPU
		{D328EB05-39B1-46A9-B874-113F362DD589}.Debug|Any CPU.Build.0 = Debug|Any CPU
		{D328EB05-39B1-46A9-B874-113F362DD589}.Debug|x64.ActiveCfg = Debug|x64
		{D328EB05-39B1-46A9-B874-113F362DD589}.Debug|x64.Build.0 = Debug|x64
		{D328EB05-39B1-46A9-B874-113F362DD589}.Debug|x86.ActiveCfg = Debug|Any CPU
		{D328EB05-39B1-46A9-B874-113F362DD589}.Debug|x86.Build.0 = Debug|Any CPU
		{D328EB05-39B1-46A9-B874-113F362DD589}.Release|Any CPU.ActiveCfg = Release|Any CPU
		{D328EB05-39B1-46A9-B874-113F362DD589}.Release|Any CPU.Build.0 = Release|Any CPU
		{D328EB05-39B1-46A9-B874-113F362DD589}.Release|x64.ActiveCfg = Release|x64
		{D328EB05-39B1-46A9-B874-113F362DD589}.Release|x64.Build.0 = Release|x64
		{D328EB05-39B1-46A9-B874-113F362DD589}.Release|x86.ActiveCfg = Release|x86
		{D328EB05-39B1-46A9-B874-113F362DD589}.Release|x86.Build.0 = Release|x86
	EndGlobalSection
	GlobalSection(SolutionProperties) = preSolution
		HideSolutionNode = FALSE
	EndGlobalSection
	GlobalSection(ExtensibilityGlobals) = postSolution
		SolutionGuid = {747C49AC-2EF9-4D7C-9656-89B512F213A1}
	EndGlobalSection
EndGlobal
