
Microsoft Visual Studio Solution File, Format Version 12.00
# Visual Studio Version 16
VisualStudioVersion = 16.0.31410.357
MinimumVisualStudioVersion = 10.0.40219.1
Project("{C7167F0D-BC9F-4E6E-AFE1-012C56B48DB5}") = "Pixeval (Package)", "Pixeval\Pixeval (Package)\Pixeval (Package).wapproj", "{7A8E5C01-A6DD-461E-B1CE-EBBB252389E6}"
EndProject
Project("{FAE04EC0-301F-11D3-BF4B-00C04F79EFBC}") = "Pixeval", "Pixeval\Pixeval\Pixeval.csproj", "{B4964A61-20BC-4837-819B-555B78B8F4EE}"
EndProject
Project("{FAE04EC0-301F-11D3-BF4B-00C04F79EFBC}") = "Pixeval.SourceGen", "Pixeval.SourceGen\Pixeval.SourceGen.csproj", "{26902275-A360-41D1-AC2A-6A8184755C51}"
EndProject
Global
	GlobalSection(SolutionConfigurationPlatforms) = preSolution
		Debug|Any CPU = Debug|Any CPU
		Debug|arm64 = Debug|arm64
		Debug|x64 = Debug|x64
		Debug|x86 = Debug|x86
		Release|Any CPU = Release|Any CPU
		Release|arm64 = Release|arm64
		Release|x64 = Release|x64
		Release|x86 = Release|x86
	EndGlobalSection
	GlobalSection(ProjectConfigurationPlatforms) = postSolution
		{7A8E5C01-A6DD-461E-B1CE-EBBB252389E6}.Debug|Any CPU.ActiveCfg = Debug|x86
		{7A8E5C01-A6DD-461E-B1CE-EBBB252389E6}.Debug|arm64.ActiveCfg = Debug|arm64
		{7A8E5C01-A6DD-461E-B1CE-EBBB252389E6}.Debug|arm64.Build.0 = Debug|arm64
		{7A8E5C01-A6DD-461E-B1CE-EBBB252389E6}.Debug|arm64.Deploy.0 = Debug|arm64
		{7A8E5C01-A6DD-461E-B1CE-EBBB252389E6}.Debug|x64.ActiveCfg = Debug|x64
		{7A8E5C01-A6DD-461E-B1CE-EBBB252389E6}.Debug|x64.Build.0 = Debug|x64
		{7A8E5C01-A6DD-461E-B1CE-EBBB252389E6}.Debug|x64.Deploy.0 = Debug|x64
		{7A8E5C01-A6DD-461E-B1CE-EBBB252389E6}.Debug|x86.ActiveCfg = Debug|x86
		{7A8E5C01-A6DD-461E-B1CE-EBBB252389E6}.Debug|x86.Build.0 = Debug|x86
		{7A8E5C01-A6DD-461E-B1CE-EBBB252389E6}.Debug|x86.Deploy.0 = Debug|x86
		{7A8E5C01-A6DD-461E-B1CE-EBBB252389E6}.Release|Any CPU.ActiveCfg = Release|x86
		{7A8E5C01-A6DD-461E-B1CE-EBBB252389E6}.Release|arm64.ActiveCfg = Release|arm64
		{7A8E5C01-A6DD-461E-B1CE-EBBB252389E6}.Release|arm64.Build.0 = Release|arm64
		{7A8E5C01-A6DD-461E-B1CE-EBBB252389E6}.Release|arm64.Deploy.0 = Release|arm64
		{7A8E5C01-A6DD-461E-B1CE-EBBB252389E6}.Release|x64.ActiveCfg = Release|x64
		{7A8E5C01-A6DD-461E-B1CE-EBBB252389E6}.Release|x64.Build.0 = Release|x64
		{7A8E5C01-A6DD-461E-B1CE-EBBB252389E6}.Release|x64.Deploy.0 = Release|x64
		{7A8E5C01-A6DD-461E-B1CE-EBBB252389E6}.Release|x86.ActiveCfg = Release|x86
		{7A8E5C01-A6DD-461E-B1CE-EBBB252389E6}.Release|x86.Build.0 = Release|x86
		{7A8E5C01-A6DD-461E-B1CE-EBBB252389E6}.Release|x86.Deploy.0 = Release|x86
		{B4964A61-20BC-4837-819B-555B78B8F4EE}.Debug|Any CPU.ActiveCfg = Debug|x86
		{B4964A61-20BC-4837-819B-555B78B8F4EE}.Debug|arm64.ActiveCfg = Debug|arm64
		{B4964A61-20BC-4837-819B-555B78B8F4EE}.Debug|arm64.Build.0 = Debug|arm64
		{B4964A61-20BC-4837-819B-555B78B8F4EE}.Debug|x64.ActiveCfg = Debug|x64
		{B4964A61-20BC-4837-819B-555B78B8F4EE}.Debug|x64.Build.0 = Debug|x64
		{B4964A61-20BC-4837-819B-555B78B8F4EE}.Debug|x86.ActiveCfg = Debug|x86
		{B4964A61-20BC-4837-819B-555B78B8F4EE}.Debug|x86.Build.0 = Debug|x86
		{B4964A61-20BC-4837-819B-555B78B8F4EE}.Release|Any CPU.ActiveCfg = Release|x86
		{B4964A61-20BC-4837-819B-555B78B8F4EE}.Release|arm64.ActiveCfg = Release|arm64
		{B4964A61-20BC-4837-819B-555B78B8F4EE}.Release|arm64.Build.0 = Release|arm64
		{B4964A61-20BC-4837-819B-555B78B8F4EE}.Release|x64.ActiveCfg = Release|x64
		{B4964A61-20BC-4837-819B-555B78B8F4EE}.Release|x64.Build.0 = Release|x64
		{B4964A61-20BC-4837-819B-555B78B8F4EE}.Release|x86.ActiveCfg = Release|x86
		{B4964A61-20BC-4837-819B-555B78B8F4EE}.Release|x86.Build.0 = Release|x86
		{26902275-A360-41D1-AC2A-6A8184755C51}.Debug|Any CPU.ActiveCfg = Debug|Any CPU
		{26902275-A360-41D1-AC2A-6A8184755C51}.Debug|Any CPU.Build.0 = Debug|Any CPU
		{26902275-A360-41D1-AC2A-6A8184755C51}.Debug|arm64.ActiveCfg = Debug|Any CPU
		{26902275-A360-41D1-AC2A-6A8184755C51}.Debug|arm64.Build.0 = Debug|Any CPU
		{26902275-A360-41D1-AC2A-6A8184755C51}.Debug|x64.ActiveCfg = Debug|Any CPU
		{26902275-A360-41D1-AC2A-6A8184755C51}.Debug|x64.Build.0 = Debug|Any CPU
		{26902275-A360-41D1-AC2A-6A8184755C51}.Debug|x86.ActiveCfg = Debug|Any CPU
		{26902275-A360-41D1-AC2A-6A8184755C51}.Debug|x86.Build.0 = Debug|Any CPU
		{26902275-A360-41D1-AC2A-6A8184755C51}.Release|Any CPU.ActiveCfg = Release|Any CPU
		{26902275-A360-41D1-AC2A-6A8184755C51}.Release|Any CPU.Build.0 = Release|Any CPU
		{26902275-A360-41D1-AC2A-6A8184755C51}.Release|arm64.ActiveCfg = Release|Any CPU
		{26902275-A360-41D1-AC2A-6A8184755C51}.Release|arm64.Build.0 = Release|Any CPU
		{26902275-A360-41D1-AC2A-6A8184755C51}.Release|x64.ActiveCfg = Release|Any CPU
		{26902275-A360-41D1-AC2A-6A8184755C51}.Release|x64.Build.0 = Release|Any CPU
		{26902275-A360-41D1-AC2A-6A8184755C51}.Release|x86.ActiveCfg = Release|Any CPU
		{26902275-A360-41D1-AC2A-6A8184755C51}.Release|x86.Build.0 = Release|Any CPU
	EndGlobalSection
	GlobalSection(SolutionProperties) = preSolution
		HideSolutionNode = FALSE
	EndGlobalSection
	GlobalSection(ExtensibilityGlobals) = postSolution
		SolutionGuid = {36550A42-3702-4D6B-A05D-A19EFD7F7F87}
	EndGlobalSection
EndGlobal
