
Microsoft Visual Studio Solution File, Format Version 12.00
# Visual Studio Version 17
VisualStudioVersion = 17.1.32319.34
MinimumVisualStudioVersion = 10.0.40219.1
Project("{FAE04EC0-301F-11D3-BF4B-00C04F79EFBC}") = "Tabalonia", "Tabalonia\Tabalonia.csproj", "{826BDEE3-EA4C-4308-899D-C27897BABDE9}"
EndProject
Project("{FAE04EC0-301F-11D3-BF4B-00C04F79EFBC}") = "Tabalonia.Demo", "Tabalonia.Demo\Tabalonia.Demo.csproj", "{3417F278-A4B9-4AF6-8014-FF80F4F99969}"
EndProject
Global
	GlobalSection(SolutionConfigurationPlatforms) = preSolution
		Debug|Any CPU = Debug|Any CPU
		Release|Any CPU = Release|Any CPU
	EndGlobalSection
	GlobalSection(ProjectConfigurationPlatforms) = postSolution
		{826BDEE3-EA4C-4308-899D-C27897BABDE9}.Debug|Any CPU.ActiveCfg = Debug|Any CPU
		{826BDEE3-EA4C-4308-899D-C27897BABDE9}.Debug|Any CPU.Build.0 = Debug|Any CPU
		{826BDEE3-EA4C-4308-899D-C27897BABDE9}.Release|Any CPU.ActiveCfg = Release|Any CPU
		{826BDEE3-EA4C-4308-899D-C27897BABDE9}.Release|Any CPU.Build.0 = Release|Any CPU
		{3417F278-A4B9-4AF6-8014-FF80F4F99969}.Debug|Any CPU.ActiveCfg = Debug|Any CPU
		{3417F278-A4B9-4AF6-8014-FF80F4F99969}.Debug|Any CPU.Build.0 = Debug|Any CPU
		{3417F278-A4B9-4AF6-8014-FF80F4F99969}.Release|Any CPU.ActiveCfg = Release|Any CPU
		{3417F278-A4B9-4AF6-8014-FF80F4F99969}.Release|Any CPU.Build.0 = Release|Any CPU
	EndGlobalSection
	GlobalSection(SolutionProperties) = preSolution
		HideSolutionNode = FALSE
	EndGlobalSection
	GlobalSection(ExtensibilityGlobals) = postSolution
		SolutionGuid = {7DB7A87D-D5C7-4581-AD49-7F3420E31048}
	EndGlobalSection
EndGlobal
