{
  "version": 1,
  "dependencies": {
    "net9.0-windows10.0.22621": {
      "CommunityToolkit.Labs.WinUI.Shimmer": {
        "type": "Direct",
        "requested": "[0.1.240517-build.1678, )",
        "resolved": "0.1.240517-build.1678",
        "contentHash": "ObX+pyyot674mzEj1tXN13mDWSrMoqzX2zFZG3dbLmN2ryJYJE717qMX1erGsrhAe12hNKNHVyNwruPR9gDNEQ==",
        "dependencies": {
          "CommunityToolkit.WinUI.Animations": "8.0.230907",
          "Microsoft.Windows.SDK.BuildTools": "10.0.22621.756",
          "Microsoft.WindowsAppSDK": "1.5.240311000"
        }
      },
      "CommunityToolkit.Mvvm": {
        "type": "Direct",
        "requested": "[8.4.0, )",
        "resolved": "8.4.0",
        "contentHash": "tqVU8yc/ADO9oiTRyTnwhFN68hCwvkliMierptWOudIAvWY1mWCh5VFh+guwHJmpMwfg0J0rY+yyd5Oy7ty9Uw=="
      },
      "CommunityToolkit.WinUI.Collections": {
        "type": "Direct",
        "requested": "[8.1.240916, )",
        "resolved": "8.1.240916",
        "contentHash": "s7I7WSbz6xd7vmIIns88MpOPkV3Bcp31F0DPf0+r+xZW9pL8GDXxjHkGwMZNHEBNrpafxoDeN/XS9S96Q9CcRA==",
        "dependencies": {
          "CommunityToolkit.WinUI.Helpers": "8.1.240916",
          "Microsoft.Windows.SDK.BuildTools": "10.0.22621.756",
          "Microsoft.WindowsAppSDK": "1.5.240311000"
        }
      },
      "CommunityToolkit.WinUI.Controls.Primitives": {
        "type": "Direct",
        "requested": "[8.1.240916, )",
        "resolved": "8.1.240916",
        "contentHash": "ULEQhMGFX9YEwq9lF7XdiWAPtrXntVFqvt7HdGfeYjU6+JdW4zO/38dCMCuKJES7cG5sWWNrsntsOWUONFfVaA==",
        "dependencies": {
          "CommunityToolkit.WinUI.Extensions": "8.1.240916",
          "Microsoft.Windows.SDK.BuildTools": "10.0.22621.756",
          "Microsoft.WindowsAppSDK": "1.5.240311000"
        }
      },
      "CommunityToolkit.WinUI.Extensions": {
        "type": "Direct",
        "requested": "[8.1.240916, )",
        "resolved": "8.1.240916",
        "contentHash": "y8FEzoy5HF3dBkxe/pU87hlh0QACtGZhnv881x2SFq9fvDjukLQz6VpoOkjxSZjEILmYu1NoI/tYjqXlETRGlw==",
        "dependencies": {
          "CommunityToolkit.Common": "8.2.1",
          "Microsoft.Windows.SDK.BuildTools": "10.0.22621.756",
          "Microsoft.WindowsAppSDK": "1.5.240311000"
        }
      },
      "CommunityToolkit.WinUI.Triggers": {
        "type": "Direct",
        "requested": "[8.1.240916, )",
        "resolved": "8.1.240916",
        "contentHash": "4XUtIdhjTj9mTWgqUvnVIa3Ox+CW+fBks94DUOndAuxtHlDf9Oc8EguHXp4W8qxp7x4tUeYDoRPmcsnXgjt3Sw==",
        "dependencies": {
          "CommunityToolkit.WinUI.Helpers": "8.1.240916",
          "Microsoft.Windows.SDK.BuildTools": "10.0.22621.756",
          "Microsoft.WindowsAppSDK": "1.5.240311000"
        }
      },
      "FluentIcons.WinUI": {
        "type": "Direct",
        "requested": "[1.1.271, )",
        "resolved": "1.1.271",
        "contentHash": "8fDtdPkpIGLNm5/k736Pv8rBskTFFTtUI5Cy1oquN5fawtdk97mK8yFVzWfa1O+E7FwV1UTuuUS+VVonEPCu/A==",
        "dependencies": {
          "FluentIcons.Common": "[1.1.271]",
          "Microsoft.Extensions.Hosting.Abstractions": "8.0.0",
          "Microsoft.Windows.SDK.BuildTools": "10.0.26100.1",
          "Microsoft.WindowsAppSDK": "1.2.221109.1"
        }
      },
      "Microsoft.Graphics.Win2D": {
        "type": "Direct",
        "requested": "[1.3.1, )",
        "resolved": "1.3.1",
        "contentHash": "7FLvK50wy9yakOh2ubvfTojjMENgiGRf0oIW4z04IFhsgQlPR7zUTcfIHJbhEYYAeynRm6zg9ixs2RPlPxlOow==",
        "dependencies": {
          "Microsoft.WindowsAppSDK": "1.6.241114003"
        }
      },
      "Microsoft.NET.ILLink.Tasks": {
        "type": "Direct",
        "requested": "[9.0.0, )",
        "resolved": "9.0.0",
        "contentHash": "zAwp213evC3UkimtVXRb+Dlgc/40QG145nmZDtp2LO9zJJMfrp+i/87BnXN7tRXEA4liyzdFkjqG1HE8/RPb4A=="
      },
      "Microsoft.Windows.CsWin32": {
        "type": "Direct",
        "requested": "[0.3.106, )",
        "resolved": "0.3.106",
        "contentHash": "Mx5fK7uN6fwLR4wUghs6//HonAnwPBNmC2oonyJVhCUlHS/r6SUS3NkBc3+gaQiv+0/9bqdj1oSCKQFkNI+21Q==",
        "dependencies": {
          "Microsoft.Windows.SDK.Win32Docs": "0.1.42-alpha",
          "Microsoft.Windows.SDK.Win32Metadata": "60.0.34-preview",
          "Microsoft.Windows.WDK.Win32Metadata": "0.11.4-experimental"
        }
      },
      "Microsoft.Windows.SDK.BuildTools": {
        "type": "Direct",
        "requested": "[10.0.26100.1742, )",
        "resolved": "10.0.26100.1742",
        "contentHash": "ypcHjr4KEi6xQhgClnbXoANHcyyX/QsC4Rky4igs6M4GiDa+weegPo8JuV/VMxqrZCV4zlqDsp2krgkN7ReAAg=="
      },
      "Microsoft.WindowsAppSDK": {
        "type": "Direct",
        "requested": "[1.6.241114003, )",
        "resolved": "1.6.241114003",
        "contentHash": "5XBNubjJi7+7DDI5lUXR3Jc0/memeFJyP6zmGTGgQcmTTbUf2T6U1f+qwcXHT+2yoXpaDuZCE86/aDLdU30e5A==",
        "dependencies": {
          "Microsoft.Web.WebView2": "1.0.2651.64",
          "Microsoft.Windows.SDK.BuildTools": "10.0.22621.756"
        }
      },
      "Microsoft.Xaml.Behaviors.WinUI.Managed": {
        "type": "Direct",
        "requested": "[2.0.9, )",
        "resolved": "2.0.9",
        "contentHash": "rGIUCwQZB1degP2+Cc7hBbGOwuokyUxMh97umT+dpqJ8X71y2DKsXrKzDDQc8lKdWbloJbVDpzB9X42yZiS8tA==",
        "dependencies": {
          "Microsoft.WindowsAppSDK": "1.0.0"
        }
      },
      "WinUI3Utilities": {
        "type": "Direct",
        "requested": "[1.1.7.14, )",
        "resolved": "1.1.7.14",
        "contentHash": "NFw6lPJV0j3n3bf1vIsw/uj9CVvcOmhB1llsTwIbDCRiEjza1EuAVdwNxq+Rf/oEM3fnyGSbB8gXoBmeFEeR/Q==",
        "dependencies": {
          "Microsoft.Windows.SDK.BuildTools": "10.0.26100.1742",
          "Microsoft.WindowsAppSDK": "1.5.241107002"
        }
      },
      "CommunityToolkit.Common": {
        "type": "Transitive",
        "resolved": "8.2.1",
        "contentHash": "LWuhy8cQKJ/MYcy3XafJ916U3gPH/YDvYoNGWyQWN11aiEKCZszzPOTJAOvBjP9yG8vHmIcCyPUt4L82OK47Iw=="
      },
      "CommunityToolkit.HighPerformance": {
        "type": "Transitive",
        "resolved": "8.4.0",
        "contentHash": "flxspiBs0G/0GMp7IK2J2ijV9bTG6hEwFc/z6ekHqB6nwRJ4Ry2yLdx+TkbCUYFCl4XhABkAwomeKbT6zM2Zlg=="
      },
      "CommunityToolkit.WinUI.Animations": {
        "type": "Transitive",
        "resolved": "8.0.230907",
        "contentHash": "ZaTG1kK8tNUxFRAMtgYRTy3gKCSiByzm33TTZsW85GSPnQJssKaY4IPxhVFYYouLf6m1bzqPd/5YrOHOrq4L5w==",
        "dependencies": {
          "CommunityToolkit.WinUI.Extensions": "8.0.230907",
          "Microsoft.Windows.SDK.BuildTools": "10.0.22621.756",
          "Microsoft.WindowsAppSDK": "1.3.230331000"
        }
      },
      "CommunityToolkit.WinUI.Helpers": {
        "type": "Transitive",
        "resolved": "8.1.240916",
        "contentHash": "Q2eipdR9ntktYT1b3Dn927lZjdwQsmSU9cq6Pf2GwXW+R2IwkbGn7uYKJhmr5athOT6mnNgc7pMmfwFHIsFPLQ==",
        "dependencies": {
          "CommunityToolkit.WinUI.Extensions": "8.1.240916",
          "Microsoft.Windows.SDK.BuildTools": "10.0.22621.756",
          "Microsoft.WindowsAppSDK": "1.5.240311000"
        }
      },
      "FluentIcons.Common": {
        "type": "Transitive",
        "resolved": "1.1.271",
        "contentHash": "KHYZMiQKidkK5yV+yk0a9dJ5t4uWvfCr6cc4hAAPh/cuC677/yR5yL7Z1ZHOH/yK77G1I3sd5je0IBiouXcDKA=="
      },
      "Microsoft.Extensions.Configuration.Abstractions": {
        "type": "Transitive",
        "resolved": "8.0.0",
        "contentHash": "3lE/iLSutpgX1CC0NOW70FJoGARRHbyKmG7dc0klnUZ9Dd9hS6N/POPWhKhMLCEuNN5nXEY5agmlFtH562vqhQ==",
        "dependencies": {
          "Microsoft.Extensions.Primitives": "8.0.0"
        }
      },
      "Microsoft.Extensions.DependencyInjection.Abstractions": {
        "type": "Transitive",
        "resolved": "8.0.0",
        "contentHash": "cjWrLkJXK0rs4zofsK4bSdg+jhDLTaxrkXu4gS6Y7MAlCvRyNNgwY/lJi5RDlQOnSZweHqoyvgvbdvQsRIW+hg=="
      },
      "Microsoft.Extensions.Diagnostics.Abstractions": {
        "type": "Transitive",
        "resolved": "8.0.0",
        "contentHash": "JHYCQG7HmugNYUhOl368g+NMxYE/N/AiclCYRNlgCY9eVyiBkOHMwK4x60RYMxv9EL3+rmj1mqHvdCiPpC+D4Q==",
        "dependencies": {
          "Microsoft.Extensions.DependencyInjection.Abstractions": "8.0.0",
          "Microsoft.Extensions.Options": "8.0.0",
          "System.Diagnostics.DiagnosticSource": "8.0.0"
        }
      },
      "Microsoft.Extensions.FileProviders.Abstractions": {
        "type": "Transitive",
        "resolved": "8.0.0",
        "contentHash": "ZbaMlhJlpisjuWbvXr4LdAst/1XxH3vZ6A0BsgTphZ2L4PGuxRLz7Jr/S7mkAAnOn78Vu0fKhEgNF5JO3zfjqQ==",
        "dependencies": {
          "Microsoft.Extensions.Primitives": "8.0.0"
        }
      },
      "Microsoft.Extensions.Hosting.Abstractions": {
        "type": "Transitive",
        "resolved": "8.0.0",
        "contentHash": "AG7HWwVRdCHlaA++1oKDxLsXIBxmDpMPb3VoyOoAghEWnkUvEAdYQUwnV4jJbAaa/nMYNiEh5ByoLauZBEiovg==",
        "dependencies": {
          "Microsoft.Extensions.Configuration.Abstractions": "8.0.0",
          "Microsoft.Extensions.DependencyInjection.Abstractions": "8.0.0",
          "Microsoft.Extensions.Diagnostics.Abstractions": "8.0.0",
          "Microsoft.Extensions.FileProviders.Abstractions": "8.0.0",
          "Microsoft.Extensions.Logging.Abstractions": "8.0.0"
        }
      },
      "Microsoft.Extensions.Logging.Abstractions": {
        "type": "Transitive",
        "resolved": "8.0.0",
        "contentHash": "arDBqTgFCyS0EvRV7O3MZturChstm50OJ0y9bDJvAcmEPJm0FFpFyjU/JLYyStNGGey081DvnQYlncNX5SJJGA==",
        "dependencies": {
          "Microsoft.Extensions.DependencyInjection.Abstractions": "8.0.0"
        }
      },
      "Microsoft.Extensions.Options": {
        "type": "Transitive",
        "resolved": "8.0.0",
        "contentHash": "JOVOfqpnqlVLUzINQ2fox8evY2SKLYJ3BV8QDe/Jyp21u1T7r45x/R/5QdteURMR5r01GxeJSBBUOCOyaNXA3g==",
        "dependencies": {
          "Microsoft.Extensions.DependencyInjection.Abstractions": "8.0.0",
          "Microsoft.Extensions.Primitives": "8.0.0"
        }
      },
      "Microsoft.Extensions.Primitives": {
        "type": "Transitive",
        "resolved": "8.0.0",
        "contentHash": "bXJEZrW9ny8vjMF1JV253WeLhpEVzFo1lyaZu1vQ4ZxWUlVvknZ/+ftFgVheLubb4eZPSwwxBeqS1JkCOjxd8g=="
      },
      "Microsoft.IO.RecyclableMemoryStream": {
        "type": "Transitive",
        "resolved": "3.0.1",
        "contentHash": "s/s20YTVY9r9TPfTrN5g8zPF1YhwxyqO6PxUkrYTGI2B+OGPe9AdajWZrLhFqXIvqIW23fnUE4+ztrUWNU1+9g=="
      },
      "Microsoft.Web.WebView2": {
        "type": "Transitive",
        "resolved": "1.0.2651.64",
        "contentHash": "f5sc/vcAoTCTEW7Nqzp4galAuTRguZViw8ksn+Nx2uskEBPm0/ubzy6gVjvXS/P96jLS89C8T9I0hPc417xpNg=="
      },
      "Microsoft.Windows.SDK.Win32Docs": {
        "type": "Transitive",
        "resolved": "0.1.42-alpha",
        "contentHash": "Z/9po23gUA9aoukirh2ItMU2ZS9++Js9Gdds9fu5yuMojDrmArvY2y+tq9985tR3cxFxpZO1O35Wjfo0khj5HA=="
      },
      "Microsoft.Windows.SDK.Win32Metadata": {
        "type": "Transitive",
        "resolved": "60.0.34-preview",
        "contentHash": "TA3DUNi4CTeo+ItTXBnGZFt2159XOGSl0UOlG5vjDj4WHqZjhwYyyUnzOtrbCERiSaP2Hzg7otJNWwOSZgutyA=="
      },
      "Microsoft.Windows.WDK.Win32Metadata": {
        "type": "Transitive",
        "resolved": "0.11.4-experimental",
        "contentHash": "bf5MCmUyZf0gBlYQjx9UpRAZWBkRndyt9XicR+UNLvAUAFTZQbu6YaX/sNKZlR98Grn0gydfh/yT4I3vc0AIQA==",
        "dependencies": {
          "Microsoft.Windows.SDK.Win32Metadata": "60.0.34-preview"
        }
      },
      "System.Diagnostics.DiagnosticSource": {
        "type": "Transitive",
        "resolved": "8.0.0",
        "contentHash": "c9xLpVz6PL9lp/djOWtk5KPDZq3cSYpmXoJQY524EOtuFl5z9ZtsotpsyrDW40U1DRnQSYvcPKEUV0X//u6gkQ=="
      },
      "pixeval.utilities": {
        "type": "Project",
        "dependencies": {
          "CommunityToolkit.HighPerformance": "[8.4.0, )",
          "Microsoft.IO.RecyclableMemoryStream": "[3.0.1, )"
        }
      }
    },
    "net9.0-windows10.0.22621/win-arm64": {
      "Microsoft.Graphics.Win2D": {
        "type": "Direct",
        "requested": "[1.3.1, )",
        "resolved": "1.3.1",
        "contentHash": "7FLvK50wy9yakOh2ubvfTojjMENgiGRf0oIW4z04IFhsgQlPR7zUTcfIHJbhEYYAeynRm6zg9ixs2RPlPxlOow==",
        "dependencies": {
          "Microsoft.WindowsAppSDK": "1.6.241114003"
        }
      },
      "Microsoft.WindowsAppSDK": {
        "type": "Direct",
        "requested": "[1.6.241114003, )",
        "resolved": "1.6.241114003",
        "contentHash": "5XBNubjJi7+7DDI5lUXR3Jc0/memeFJyP6zmGTGgQcmTTbUf2T6U1f+qwcXHT+2yoXpaDuZCE86/aDLdU30e5A==",
        "dependencies": {
          "Microsoft.Web.WebView2": "1.0.2651.64",
          "Microsoft.Windows.SDK.BuildTools": "10.0.22621.756"
        }
      },
      "Microsoft.Web.WebView2": {
        "type": "Transitive",
        "resolved": "1.0.2651.64",
        "contentHash": "f5sc/vcAoTCTEW7Nqzp4galAuTRguZViw8ksn+Nx2uskEBPm0/ubzy6gVjvXS/P96jLS89C8T9I0hPc417xpNg=="
      }
    },
    "net9.0-windows10.0.22621/win-x64": {
      "Microsoft.Graphics.Win2D": {
        "type": "Direct",
        "requested": "[1.3.1, )",
        "resolved": "1.3.1",
        "contentHash": "7FLvK50wy9yakOh2ubvfTojjMENgiGRf0oIW4z04IFhsgQlPR7zUTcfIHJbhEYYAeynRm6zg9ixs2RPlPxlOow==",
        "dependencies": {
          "Microsoft.WindowsAppSDK": "1.6.241114003"
        }
      },
      "Microsoft.WindowsAppSDK": {
        "type": "Direct",
        "requested": "[1.6.241114003, )",
        "resolved": "1.6.241114003",
        "contentHash": "5XBNubjJi7+7DDI5lUXR3Jc0/memeFJyP6zmGTGgQcmTTbUf2T6U1f+qwcXHT+2yoXpaDuZCE86/aDLdU30e5A==",
        "dependencies": {
          "Microsoft.Web.WebView2": "1.0.2651.64",
          "Microsoft.Windows.SDK.BuildTools": "10.0.22621.756"
        }
      },
      "Microsoft.Web.WebView2": {
        "type": "Transitive",
        "resolved": "1.0.2651.64",
        "contentHash": "f5sc/vcAoTCTEW7Nqzp4galAuTRguZViw8ksn+Nx2uskEBPm0/ubzy6gVjvXS/P96jLS89C8T9I0hPc417xpNg=="
      }
    },
    "net9.0-windows10.0.22621/win-x86": {
      "Microsoft.Graphics.Win2D": {
        "type": "Direct",
        "requested": "[1.3.1, )",
        "resolved": "1.3.1",
        "contentHash": "7FLvK50wy9yakOh2ubvfTojjMENgiGRf0oIW4z04IFhsgQlPR7zUTcfIHJbhEYYAeynRm6zg9ixs2RPlPxlOow==",
        "dependencies": {
          "Microsoft.WindowsAppSDK": "1.6.241114003"
        }
      },
      "Microsoft.WindowsAppSDK": {
        "type": "Direct",
        "requested": "[1.6.241114003, )",
        "resolved": "1.6.241114003",
        "contentHash": "5XBNubjJi7+7DDI5lUXR3Jc0/memeFJyP6zmGTGgQcmTTbUf2T6U1f+qwcXHT+2yoXpaDuZCE86/aDLdU30e5A==",
        "dependencies": {
          "Microsoft.Web.WebView2": "1.0.2651.64",
          "Microsoft.Windows.SDK.BuildTools": "10.0.22621.756"
        }
      },
      "Microsoft.Web.WebView2": {
        "type": "Transitive",
        "resolved": "1.0.2651.64",
        "contentHash": "f5sc/vcAoTCTEW7Nqzp4galAuTRguZViw8ksn+Nx2uskEBPm0/ubzy6gVjvXS/P96jLS89C8T9I0hPc417xpNg=="
      }
    }
  }
}