{
  "version": 1,
  "dependencies": {
    "net6.0-windows10.0.19041": {
      "Autofac": {
        "type": "Transitive",
        "resolved": "6.3.0",
        "contentHash": "gO4bli0N8tDnBHzbYktcnbXlmN6T+IT5W+FUGgCUaM6pwwHXIxOPoUGvfGum7sZpJJgfQNgjFFv80ZPuARgRdA==",
        "dependencies": {
          "System.Diagnostics.DiagnosticSource": "4.7.1"
        }
      },
      "JetBrains.Annotations": {
        "type": "Transitive",
        "resolved": "2021.3.0",
        "contentHash": "Ddxjs5RRjf+c8m9m++WvhW1lz1bqNhsTjWvCLbQN9bvKbkJeR9MhtfNwKgBRRdG2yLHcXFr5Lf7fsvvkiPaDRg=="
      },
      "Microsoft.Toolkit.HighPerformance": {
        "type": "Transitive",
        "resolved": "7.1.2",
        "contentHash": "cezzRky0BUJyYmSrcQUcX8qAv90JfUwCqWEbqfWZLHyeANo9/LWgW6y50pqbyc8r8SPXVsu2GNH98fB3VxrnvA=="
      },
      "Refit": {
        "type": "Transitive",
        "resolved": "6.1.15",
        "contentHash": "T1qNkTmPvSsPxhZMvzTySdx9c0Zr87DAXFMSx3rK2RxBInzcPz+9qJPVkkF28/9Dn9TTpp9vN6Sn5Hhms837fQ==",
        "dependencies": {
          "System.Net.Http.Json": "5.0.0"
        }
      },
      "System.Diagnostics.DiagnosticSource": {
        "type": "Transitive",
        "resolved": "4.7.1",
        "contentHash": "j81Lovt90PDAq8kLpaJfJKV/rWdWuEk6jfV+MBkee33vzYLEUsy4gXK8laa9V2nZlLM9VM9yA/OOQxxPEJKAMw=="
      },
      "System.Net.Http.Json": {
        "type": "Transitive",
        "resolved": "5.0.0",
        "contentHash": "3CPSQpCzEmI9o+1G79TnPCjF40omCdnoXj2Rg76BDwGj5+LZnFPjV+t35eedlvl+uthmholk/XXxXTYgJWSexw=="
      },
      "pixeval.coreapi": {
        "type": "Project",
        "dependencies": {
          "Autofac": "6.3.0",
          "JetBrains.Annotations": "2021.3.0",
          "Pixeval.Utilities": "1.0.0",
          "Refit": "6.1.15"
        }
      },
      "pixeval.utilities": {
        "type": "Project",
        "dependencies": {
          "JetBrains.Annotations": "2021.3.0",
          "Microsoft.Toolkit.HighPerformance": "7.1.2"
        }
      }
    },
    "net6.0-windows10.0.19041/win10-arm64": {},
    "net6.0-windows10.0.19041/win10-x64": {},
    "net6.0-windows10.0.19041/win10-x86": {}
  }
}