{
  "version": 1,
  "dependencies": {
    "net7.0-windows10.0.19041": {
      "CommunityToolkit.Diagnostics": {
        "type": "Direct",
        "requested": "[8.2.1, )",
        "resolved": "8.2.1",
        "contentHash": "s8URwNarXZZLDtVf9B1AvdKMYg4tNFEuikjrMJYlwgAdSoQT0Y7W8mCYA2o2H+dKiCRVLJUXBdxflk/+QS9QBg=="
      },
      "CommunityToolkit.Mvvm": {
        "type": "Direct",
        "requested": "[8.2.1, )",
        "resolved": "8.2.1",
        "contentHash": "I24ofWVEdplxYjUez9/bljv/qb8r8Ccj6cvYXHexNBegLaD3iDy3QrzAAOYVMmfGWIXxlU1ZtECQNfU07+6hXQ=="
      },
      "CommunityToolkit.WinUI.Animations": {
        "type": "Direct",
        "requested": "[8.0.230907, )",
        "resolved": "8.0.230907",
        "contentHash": "ZaTG1kK8tNUxFRAMtgYRTy3gKCSiByzm33TTZsW85GSPnQJssKaY4IPxhVFYYouLf6m1bzqPd/5YrOHOrq4L5w==",
        "dependencies": {
          "CommunityToolkit.WinUI.Extensions": "8.0.230907",
          "Microsoft.Windows.SDK.BuildTools": "10.0.22621.756",
          "Microsoft.WindowsAppSDK": "1.3.230331000"
        }
      },
      "CommunityToolkit.WinUI.Behaviors": {
        "type": "Direct",
        "requested": "[8.0.230907, )",
        "resolved": "8.0.230907",
        "contentHash": "ZpuOauOF67owGfIA759KcEk76H7L2Q+ttQnhdmRWAYeHmRHFA3n1FzBvEom15U9x31oJ0Shslfb1ta0E94emSw==",
        "dependencies": {
          "CommunityToolkit.WinUI.Animations": "8.0.230907",
          "CommunityToolkit.WinUI.Extensions": "8.0.230907",
          "Microsoft.Windows.SDK.BuildTools": "10.0.22621.756",
          "Microsoft.WindowsAppSDK": "1.3.230331000",
          "Microsoft.Xaml.Behaviors.WinUI.Managed": "2.0.9"
        }
      },
      "CommunityToolkit.WinUI.Collections": {
        "type": "Direct",
        "requested": "[8.0.230907, )",
        "resolved": "8.0.230907",
        "contentHash": "A97TtHkYEjANp1QjXFgb5y0c+Mc2dMY7G5iL1lqNMw/Mqr9xNFcA1TBuRkHUYyp5ZXr4Ch+VzCsIveS8fRJb3g==",
        "dependencies": {
          "CommunityToolkit.WinUI.Helpers": "8.0.230907",
          "Microsoft.Windows.SDK.BuildTools": "10.0.22621.756",
          "Microsoft.WindowsAppSDK": "1.3.230331000"
        }
      },
      "CommunityToolkit.WinUI.Controls.Primitives": {
        "type": "Direct",
        "requested": "[8.0.230907, )",
        "resolved": "8.0.230907",
        "contentHash": "1qNDNparFwyEv0KkkHUo8B5IfKXbA+bGPmtiH67oVZu1uXe+IqAJiAqsUx3/XE3Dw9Lt+1QyPs1dNOddlFxqkw==",
        "dependencies": {
          "CommunityToolkit.WinUI.Extensions": "8.0.230907",
          "Microsoft.Windows.SDK.BuildTools": "10.0.22621.756",
          "Microsoft.WindowsAppSDK": "1.3.230331000"
        }
      },
      "CommunityToolkit.WinUI.Controls.SettingsControls": {
        "type": "Direct",
        "requested": "[8.0.230907, )",
        "resolved": "8.0.230907",
        "contentHash": "OZMJfD6mn8SlFnoFPqil59Qz3VVsBtBZKcB4VYcf42+IGU1gzkCnyboy589vyrF3ym9OJKg8Fayd/GH+hTe5Vg==",
        "dependencies": {
          "CommunityToolkit.WinUI.Triggers": "8.0.230907",
          "Microsoft.Windows.SDK.BuildTools": "10.0.22621.756",
          "Microsoft.WindowsAppSDK": "1.3.230331000"
        }
      },
      "CommunityToolkit.WinUI.Converters": {
        "type": "Direct",
        "requested": "[8.0.230907, )",
        "resolved": "8.0.230907",
        "contentHash": "WB23ZmxMSWYhIuVPds70BWccOe2VmNPZXRsbCK9TwIwPiuKZmVpe3F4bNDnk2yy7C6ZDV7JwzhEGCSTc02gLdw==",
        "dependencies": {
          "CommunityToolkit.Common": "8.2.1",
          "Microsoft.Windows.SDK.BuildTools": "10.0.22621.756",
          "Microsoft.WindowsAppSDK": "1.3.230331000"
        }
      },
      "CommunityToolkit.WinUI.Media": {
        "type": "Direct",
        "requested": "[8.0.230907, )",
        "resolved": "8.0.230907",
        "contentHash": "9eZGWZwZ9r3zYVC5nuf8GYxBM+Bt1ju8t8itoBL3J5GjnVJFxtvY6g5zIiXoRjCnYcWDYylT13hEy1ij9OCOYA==",
        "dependencies": {
          "CommunityToolkit.WinUI.Animations": "8.0.230907",
          "Microsoft.Graphics.Win2D": "1.0.5.1",
          "Microsoft.Windows.SDK.BuildTools": "10.0.22621.756",
          "Microsoft.WindowsAppSDK": "1.3.230331000"
        }
      },
      "GitVersion.MsBuild": {
        "type": "Direct",
        "requested": "[5.12.0, )",
        "resolved": "5.12.0",
        "contentHash": "dJuigXycpJNOiLT9or7mkHSkGFHgGW3/p6cNNYEKZBa7Hhp1FdX/cvqYWWYhRLpfoZOedeA7aRbYiOB3vW/dvA=="
      },
      "LiteDB": {
        "type": "Direct",
        "requested": "[5.0.16, )",
        "resolved": "5.0.16",
        "contentHash": "DMUYdRlgNbrSlyWzdQ4GqW934ntNHBGWMTNQlOL4hWz8WnveY6V9ZGo2ntPrSATW7kat8v5VoCXGSzToPiwZWw=="
      },
      "Microsoft.Extensions.Hosting": {
        "type": "Direct",
        "requested": "[7.0.1, )",
        "resolved": "7.0.1",
        "contentHash": "aoeMou6XSW84wiqd895OdaGyO9PfH6nohQJ0XBcshRDafbdIU6PQIVl8TpOCssPYq3ciRseP5064hbFyCR9J9w==",
        "dependencies": {
          "Microsoft.Extensions.Configuration": "7.0.0",
          "Microsoft.Extensions.Configuration.Abstractions": "7.0.0",
          "Microsoft.Extensions.Configuration.Binder": "7.0.3",
          "Microsoft.Extensions.Configuration.CommandLine": "7.0.0",
          "Microsoft.Extensions.Configuration.EnvironmentVariables": "7.0.0",
          "Microsoft.Extensions.Configuration.FileExtensions": "7.0.0",
          "Microsoft.Extensions.Configuration.Json": "7.0.0",
          "Microsoft.Extensions.Configuration.UserSecrets": "7.0.0",
          "Microsoft.Extensions.DependencyInjection": "7.0.0",
          "Microsoft.Extensions.DependencyInjection.Abstractions": "7.0.0",
          "Microsoft.Extensions.FileProviders.Abstractions": "7.0.0",
          "Microsoft.Extensions.FileProviders.Physical": "7.0.0",
          "Microsoft.Extensions.Hosting.Abstractions": "7.0.0",
          "Microsoft.Extensions.Logging": "7.0.0",
          "Microsoft.Extensions.Logging.Abstractions": "7.0.0",
          "Microsoft.Extensions.Logging.Configuration": "7.0.0",
          "Microsoft.Extensions.Logging.Console": "7.0.0",
          "Microsoft.Extensions.Logging.Debug": "7.0.0",
          "Microsoft.Extensions.Logging.EventLog": "7.0.0",
          "Microsoft.Extensions.Logging.EventSource": "7.0.0",
          "Microsoft.Extensions.Options": "7.0.1",
          "System.Diagnostics.DiagnosticSource": "7.0.1"
        }
      },
      "Microsoft.Graphics.Win2D": {
        "type": "Direct",
        "requested": "[1.0.5.1, )",
        "resolved": "1.0.5.1",
        "contentHash": "9DVEVvyQWWz8kqhsFBAx9Zv4KRIAcmxuT7kFpK1Fgh6czSiMB+CQW0DlhZXT44Mtv41FRXG47lhEv+7a2YyiLA==",
        "dependencies": {
          "Microsoft.WindowsAppSDK": "1.0.4"
        }
      },
      "Microsoft.IO.RecyclableMemoryStream": {
        "type": "Direct",
        "requested": "[2.3.2, )",
        "resolved": "2.3.2",
        "contentHash": "Oh1qXXFdJFcHozvb4H6XYLf2W0meZFuG0A+TfapFPj9z5fd4vxiARGEhAaLj/6XWQaMYIv4SH/9Q6H78Hw0E2Q=="
      },
      "Microsoft.Toolkit.Uwp.Notifications": {
        "type": "Direct",
        "requested": "[7.1.3, )",
        "resolved": "7.1.3",
        "contentHash": "A1dglAzb24gjehmb7DwGd07mfyZ1gacAK7ObE0KwDlRc3mayH2QW7cSOy3TkkyELjLg19OQBuhPOj4SpXET9lg==",
        "dependencies": {
          "Microsoft.Win32.Registry": "4.7.0",
          "System.Drawing.Common": "4.7.0",
          "System.Reflection.Emit": "4.7.0",
          "System.ValueTuple": "4.5.0"
        }
      },
      "Microsoft.Win32.Registry": {
        "type": "Direct",
        "requested": "[6.0.0-preview.5.21301.5, )",
        "resolved": "6.0.0-preview.5.21301.5",
        "contentHash": "qYLtJIAEJJmY2vXxlVO8x4uXfgq7DFOHjpmnHlLm7kmAvyNFckYY/Dx5CZythBXvI2/7sratbIGKqSTysfgZ8A==",
        "dependencies": {
          "System.Security.AccessControl": "6.0.0-preview.5.21301.5",
          "System.Security.Principal.Windows": "6.0.0-preview.5.21301.5"
        }
      },
      "Microsoft.Windows.SDK.BuildTools": {
        "type": "Direct",
        "requested": "[10.0.25206-preview, )",
        "resolved": "10.0.25206-preview",
        "contentHash": "Jm1nuxkG12R7wo8p3O7ICh/3GvtGBAtEEsEK8Dm2SZkehv122B8BahnAtFzgP4BTyWKjG+Oi5SWnnAOaLvILmA=="
      },
      "Microsoft.WindowsAppSDK": {
        "type": "Direct",
        "requested": "[1.4.230518007-experimental1, )",
        "resolved": "1.4.230518007-experimental1",
        "contentHash": "3AhPasvmzgQmz12zm9gHoyJcWXaK6ZLxWVfgmrkNl1J4Mo4kid1+THlh+DjgEC4SWz+1B8XPnEhXCcxGmXiwHQ==",
        "dependencies": {
          "Microsoft.Windows.SDK.BuildTools": "10.0.22621.1"
        }
      },
      "Microsoft.Xaml.Behaviors.WinUI.Managed": {
        "type": "Direct",
        "requested": "[2.0.9, )",
        "resolved": "2.0.9",
        "contentHash": "rGIUCwQZB1degP2+Cc7hBbGOwuokyUxMh97umT+dpqJ8X71y2DKsXrKzDDQc8lKdWbloJbVDpzB9X42yZiS8tA==",
        "dependencies": {
          "Microsoft.WindowsAppSDK": "1.0.0"
        }
      },
      "PininSharp": {
        "type": "Direct",
        "requested": "[1.2.0, )",
        "resolved": "1.2.0",
        "contentHash": "ydbxAOLd4oXWiWDBS7kVDlMf6JaKNcy7nbaQv7+1HSVqCW44TDFY/aeTolVzOSLddk0BEbCljXZjXDecYXHExg=="
      },
      "Pixeval.QRCoder": {
        "type": "Direct",
        "requested": "[1.4.5, )",
        "resolved": "1.4.5",
        "contentHash": "8CAZkYxRx/vTjvgnn9kQD49XbpS2RqDV8S1JilcsdQDGsJV87w0Pc9d3hBfGiUHew/6gUuweJ2v2dmNJRI4MLg==",
        "dependencies": {
          "SixLabors.ImageSharp.Drawing": "1.0.0-beta13"
        }
      },
      "ReverseMarkdown": {
        "type": "Direct",
        "requested": "[3.25.0, )",
        "resolved": "3.25.0",
        "contentHash": "VU9Oirvzq4aEqfWp4rmQrtnD7Di+G4G/ICF93SBcwv4upDbqz3yLv7Q5TgmC4X373U5C387Ak6dVjfGLiNj32w==",
        "dependencies": {
          "HtmlAgilityPack": "1.11.46"
        }
      },
      "SixLabors.ImageSharp": {
        "type": "Direct",
        "requested": "[3.0.1, )",
        "resolved": "3.0.1",
        "contentHash": "o0v/J6SJwp3RFrzR29beGx0cK7xcMRgOyIuw8ZNLQyNnBhiyL/vIQKn7cfycthcWUPG3XezUjFwBWzkcUUDFbg=="
      },
      "SixLabors.ImageSharp.Drawing": {
        "type": "Direct",
        "requested": "[1.0.0-beta15, )",
        "resolved": "1.0.0-beta15",
        "contentHash": "HMb/JNtNsSOr0lh71s5jD4Bv7sUwTxhGz2fOtuXcInQ4p9SB+1oEY3I6PrKXHpOCKaYArLD5r/4mA8t0dT/M5A==",
        "dependencies": {
          "SixLabors.Fonts": "1.0.0-beta18",
          "SixLabors.ImageSharp": "2.1.3"
        }
      },
      "System.Linq.Async": {
        "type": "Direct",
        "requested": "[6.0.1, )",
        "resolved": "6.0.1",
        "contentHash": "0YhHcaroWpQ9UCot3Pizah7ryAzQhNvobLMSxeDIGmnXfkQn8u5owvpOH0K6EVB+z9L7u6Cc4W17Br/+jyttEQ==",
        "dependencies": {
          "Microsoft.Bcl.AsyncInterfaces": "6.0.0"
        }
      },
      "WinUI3Utilities": {
        "type": "Direct",
        "requested": "[1.1.4.3, )",
        "resolved": "1.1.4.3",
        "contentHash": "oNVY9PDT+h5/pZY8Cc3KzX90F4HctJ/DwEzBIgxyk0oNiacGJxBuUE//zjAFaxsXOypmDLA+g/1ns4hg7Z96RQ==",
        "dependencies": {
          "Microsoft.Windows.SDK.BuildTools": "10.0.22621.756",
          "Microsoft.WindowsAppSDK": "1.3.230602002"
        }
      },
      "WinUIEx": {
        "type": "Direct",
        "requested": "[2.2.0, )",
        "resolved": "2.2.0",
        "contentHash": "w4X+TEeGzM7w012nM5Fi/NafpV3x4SxoZs/BvN3mNve2hmCh1/GGDqM5NqbOlC9CufdhOEg83tcOjZn8nqXs5g==",
        "dependencies": {
          "Microsoft.WindowsAppSDK": "1.3.230502000"
        }
      },
      "Autofac": {
        "type": "Transitive",
        "resolved": "7.0.1",
        "contentHash": "J9Iz0Q+YU3uf82i8Lee0NpQOlRYfwHxwVV26jdG3zH3LFE5Y9Rx97Mju7Nswwzh/C7kVJALkTL860Y7e+mcLaw==",
        "dependencies": {
          "System.Diagnostics.DiagnosticSource": "4.7.1"
        }
      },
      "CommunityToolkit.Common": {
        "type": "Transitive",
        "resolved": "8.2.1",
        "contentHash": "LWuhy8cQKJ/MYcy3XafJ916U3gPH/YDvYoNGWyQWN11aiEKCZszzPOTJAOvBjP9yG8vHmIcCyPUt4L82OK47Iw=="
      },
      "CommunityToolkit.HighPerformance": {
        "type": "Transitive",
        "resolved": "8.2.1",
        "contentHash": "0/5BHriP3T/vbHnjL/kgHo9qIOVbwAMeSrz0XWMhL83IwLk3sNhSd2+sCzRKjzufQZWL2xKEFbF93Itwpoijbg=="
      },
      "CommunityToolkit.WinUI.Extensions": {
        "type": "Transitive",
        "resolved": "8.0.230907",
        "contentHash": "fNbNqyfzuq+o1j6pSifa8wL288XqW0UTI+XwCpf702LCZpIr3xvGbmAjg0BTBEOs3Um/VWTVj21Cm9tRZaY8qw==",
        "dependencies": {
          "CommunityToolkit.Common": "8.2.1",
          "Microsoft.Windows.SDK.BuildTools": "10.0.22621.756",
          "Microsoft.WindowsAppSDK": "1.3.230331000"
        }
      },
      "CommunityToolkit.WinUI.Helpers": {
        "type": "Transitive",
        "resolved": "8.0.230907",
        "contentHash": "ja7+sExmi2VxYbuBe+w0mC533dEb249TXUM7xGkSUpTAPMJ9JF6x/OyoDGRxlfj5sVggQr8VuITbGOe7Rhhk0g==",
        "dependencies": {
          "CommunityToolkit.WinUI.Extensions": "8.0.230907",
          "Microsoft.Windows.SDK.BuildTools": "10.0.22621.756",
          "Microsoft.WindowsAppSDK": "1.3.230331000"
        }
      },
      "CommunityToolkit.WinUI.Triggers": {
        "type": "Transitive",
        "resolved": "8.0.230907",
        "contentHash": "H5X3x5P67OoI3yTF89mebnGqW7O6YnEs88lYBUYnrVu6kal7uAAPYmLIcAQgj0S+o9cvBRsb6N++AqTxGWMF9Q==",
        "dependencies": {
          "CommunityToolkit.WinUI.Helpers": "8.0.230907",
          "Microsoft.Windows.SDK.BuildTools": "10.0.22621.756",
          "Microsoft.WindowsAppSDK": "1.3.230331000"
        }
      },
      "HtmlAgilityPack": {
        "type": "Transitive",
        "resolved": "1.11.46",
        "contentHash": "dLMn4EVfJBHWmWK4Uh0XGD76FPLHI0qr2Tm0s1m/xmgiHb1JUb9zB8AzO8HtrkBBlMN6JfCUBYddhqC0hZNR+g=="
      },
      "JetBrains.Annotations": {
        "type": "Transitive",
        "resolved": "2023.2.0",
        "contentHash": "dvO//8aLmLRsCVVgoc/7qBqi2/y4BTyRcg20LCBWtK4n6E9Um06Zp7jF1n0hOE+yqBHwcrDzAjWvCaM3qH8flg=="
      },
      "Microsoft.Bcl.AsyncInterfaces": {
        "type": "Transitive",
        "resolved": "6.0.0",
        "contentHash": "UcSjPsst+DfAdJGVDsu346FX0ci0ah+lw3WRtn18NUwEqRt70HaOQ7lI72vy3+1LxtqI3T5GWwV39rQSrCzAeg=="
      },
      "Microsoft.Extensions.Configuration": {
        "type": "Transitive",
        "resolved": "7.0.0",
        "contentHash": "tldQUBWt/xeH2K7/hMPPo5g8zuLc3Ro9I5d4o/XrxvxOCA2EZBtW7bCHHTc49fcBtvB8tLAb/Qsmfrq+2SJ4vA==",
        "dependencies": {
          "Microsoft.Extensions.Configuration.Abstractions": "7.0.0",
          "Microsoft.Extensions.Primitives": "7.0.0"
        }
      },
      "Microsoft.Extensions.Configuration.Abstractions": {
        "type": "Transitive",
        "resolved": "7.0.0",
        "contentHash": "f34u2eaqIjNO9YLHBz8rozVZ+TcFiFs0F3r7nUJd7FRkVSxk8u4OpoK226mi49MwexHOR2ibP9MFvRUaLilcQQ==",
        "dependencies": {
          "Microsoft.Extensions.Primitives": "7.0.0"
        }
      },
      "Microsoft.Extensions.Configuration.Binder": {
        "type": "Transitive",
        "resolved": "7.0.3",
        "contentHash": "1eRFwJBrkkncTpvh6mivB8zg4uBVm6+Y6stEJERrVEqZZc8Hvf+N1iIgj2ySYDUQko4J1Gw1rLf1M8bG83F0eA==",
        "dependencies": {
          "Microsoft.Extensions.Configuration.Abstractions": "7.0.0"
        }
      },
      "Microsoft.Extensions.Configuration.CommandLine": {
        "type": "Transitive",
        "resolved": "7.0.0",
        "contentHash": "a8Iq8SCw5m8W5pZJcPCgBpBO4E89+NaObPng+ApIhrGSv9X4JPrcFAaGM4sDgR0X83uhLgsNJq8VnGP/wqhr8A==",
        "dependencies": {
          "Microsoft.Extensions.Configuration": "7.0.0",
          "Microsoft.Extensions.Configuration.Abstractions": "7.0.0"
        }
      },
      "Microsoft.Extensions.Configuration.EnvironmentVariables": {
        "type": "Transitive",
        "resolved": "7.0.0",
        "contentHash": "RIkfqCkvrAogirjsqSrG1E1FxgrLsOZU2nhRbl07lrajnxzSU2isj2lwQah0CtCbLWo/pOIukQzM1GfneBUnxA==",
        "dependencies": {
          "Microsoft.Extensions.Configuration": "7.0.0",
          "Microsoft.Extensions.Configuration.Abstractions": "7.0.0"
        }
      },
      "Microsoft.Extensions.Configuration.FileExtensions": {
        "type": "Transitive",
        "resolved": "7.0.0",
        "contentHash": "xk2lRJ1RDuqe57BmgvRPyCt6zyePKUmvT6iuXqiHR+/OIIgWVR8Ff5k2p6DwmqY8a17hx/OnrekEhziEIeQP6Q==",
        "dependencies": {
          "Microsoft.Extensions.Configuration": "7.0.0",
          "Microsoft.Extensions.Configuration.Abstractions": "7.0.0",
          "Microsoft.Extensions.FileProviders.Abstractions": "7.0.0",
          "Microsoft.Extensions.FileProviders.Physical": "7.0.0",
          "Microsoft.Extensions.Primitives": "7.0.0"
        }
      },
      "Microsoft.Extensions.Configuration.Json": {
        "type": "Transitive",
        "resolved": "7.0.0",
        "contentHash": "LDNYe3uw76W35Jci+be4LDf2lkQZe0A7EEYQVChFbc509CpZ4Iupod8li4PUXPBhEUOFI/rlQNf5xkzJRQGvtA==",
        "dependencies": {
          "Microsoft.Extensions.Configuration": "7.0.0",
          "Microsoft.Extensions.Configuration.Abstractions": "7.0.0",
          "Microsoft.Extensions.Configuration.FileExtensions": "7.0.0",
          "Microsoft.Extensions.FileProviders.Abstractions": "7.0.0",
          "System.Text.Json": "7.0.0"
        }
      },
      "Microsoft.Extensions.Configuration.UserSecrets": {
        "type": "Transitive",
        "resolved": "7.0.0",
        "contentHash": "33HPW1PmB2RS0ietBQyvOxjp4O3wlt+4tIs8KPyMn1kqp04goiZGa7+3mc69NRLv6bphkLDy0YR7Uw3aZyf8Zw==",
        "dependencies": {
          "Microsoft.Extensions.Configuration.Abstractions": "7.0.0",
          "Microsoft.Extensions.Configuration.Json": "7.0.0",
          "Microsoft.Extensions.FileProviders.Abstractions": "7.0.0",
          "Microsoft.Extensions.FileProviders.Physical": "7.0.0"
        }
      },
      "Microsoft.Extensions.DependencyInjection": {
        "type": "Transitive",
        "resolved": "7.0.0",
        "contentHash": "elNeOmkeX3eDVG6pYVeV82p29hr+UKDaBhrZyWvWLw/EVZSYEkZlQdkp0V39k/Xehs2Qa0mvoCvkVj3eQxNQ1Q==",
        "dependencies": {
          "Microsoft.Extensions.DependencyInjection.Abstractions": "7.0.0"
        }
      },
      "Microsoft.Extensions.DependencyInjection.Abstractions": {
        "type": "Transitive",
        "resolved": "7.0.0",
        "contentHash": "h3j/QfmFN4S0w4C2A6X7arXij/M/OVw3uQHSOFxnND4DyAzO1F9eMX7Eti7lU/OkSthEE0WzRsfT/Dmx86jzCw=="
      },
      "Microsoft.Extensions.FileProviders.Abstractions": {
        "type": "Transitive",
        "resolved": "7.0.0",
        "contentHash": "NyawiW9ZT/liQb34k9YqBSNPLuuPkrjMgQZ24Y/xXX1RoiBkLUdPMaQTmxhZ5TYu8ZKZ9qayzil75JX95vGQUg==",
        "dependencies": {
          "Microsoft.Extensions.Primitives": "7.0.0"
        }
      },
      "Microsoft.Extensions.FileProviders.Physical": {
        "type": "Transitive",
        "resolved": "7.0.0",
        "contentHash": "K8D2MTR+EtzkbZ8z80LrG7Ur64R7ZZdRLt1J5cgpc/pUWl0C6IkAUapPuK28oionHueCPELUqq0oYEvZfalNdg==",
        "dependencies": {
          "Microsoft.Extensions.FileProviders.Abstractions": "7.0.0",
          "Microsoft.Extensions.FileSystemGlobbing": "7.0.0",
          "Microsoft.Extensions.Primitives": "7.0.0"
        }
      },
      "Microsoft.Extensions.FileSystemGlobbing": {
        "type": "Transitive",
        "resolved": "7.0.0",
        "contentHash": "2jONjKHiF+E92ynz2ZFcr9OvxIw+rTGMPEH+UZGeHTEComVav93jQUWGkso8yWwVBcEJGcNcZAaqY01FFJcj7w=="
      },
      "Microsoft.Extensions.Hosting.Abstractions": {
        "type": "Transitive",
        "resolved": "7.0.0",
        "contentHash": "43n9Je09z0p/7ViPxfRqs5BUItRLNVh5b6JH40F2Agkh2NBsY/jpNYTtbCcxrHCsA3oRmbR6RJBzUutB4VZvNQ==",
        "dependencies": {
          "Microsoft.Extensions.Configuration.Abstractions": "7.0.0",
          "Microsoft.Extensions.DependencyInjection.Abstractions": "7.0.0",
          "Microsoft.Extensions.FileProviders.Abstractions": "7.0.0"
        }
      },
      "Microsoft.Extensions.Logging": {
        "type": "Transitive",
        "resolved": "7.0.0",
        "contentHash": "Nw2muoNrOG5U5qa2ZekXwudUn2BJcD41e65zwmDHb1fQegTX66UokLWZkJRpqSSHXDOWZ5V0iqhbxOEky91atA==",
        "dependencies": {
          "Microsoft.Extensions.DependencyInjection": "7.0.0",
          "Microsoft.Extensions.DependencyInjection.Abstractions": "7.0.0",
          "Microsoft.Extensions.Logging.Abstractions": "7.0.0",
          "Microsoft.Extensions.Options": "7.0.0"
        }
      },
      "Microsoft.Extensions.Logging.Abstractions": {
        "type": "Transitive",
        "resolved": "7.0.0",
        "contentHash": "kmn78+LPVMOWeITUjIlfxUPDsI0R6G0RkeAMBmQxAJ7vBJn4q2dTva7pWi65ceN5vPGjJ9q/Uae2WKgvfktJAw=="
      },
      "Microsoft.Extensions.Logging.Configuration": {
        "type": "Transitive",
        "resolved": "7.0.0",
        "contentHash": "FLDA0HcffKA8ycoDQLJuCNGIE42cLWPxgdQGRBaSzZrYTkMBjnf9zrr8pGT06psLq9Q+RKWmmZczQ9bCrXEBcA==",
        "dependencies": {
          "Microsoft.Extensions.Configuration": "7.0.0",
          "Microsoft.Extensions.Configuration.Abstractions": "7.0.0",
          "Microsoft.Extensions.Configuration.Binder": "7.0.0",
          "Microsoft.Extensions.DependencyInjection.Abstractions": "7.0.0",
          "Microsoft.Extensions.Logging": "7.0.0",
          "Microsoft.Extensions.Logging.Abstractions": "7.0.0",
          "Microsoft.Extensions.Options": "7.0.0",
          "Microsoft.Extensions.Options.ConfigurationExtensions": "7.0.0"
        }
      },
      "Microsoft.Extensions.Logging.Console": {
        "type": "Transitive",
        "resolved": "7.0.0",
        "contentHash": "qt5n8bHLZPUfuRnFxJKW5q9ZwOTncdh96rtWzWpX3Y/064MlxzCSw2ELF5Jlwdo+Y4wK3I47NmUTFsV7Sg8rqg==",
        "dependencies": {
          "Microsoft.Extensions.DependencyInjection.Abstractions": "7.0.0",
          "Microsoft.Extensions.Logging": "7.0.0",
          "Microsoft.Extensions.Logging.Abstractions": "7.0.0",
          "Microsoft.Extensions.Logging.Configuration": "7.0.0",
          "Microsoft.Extensions.Options": "7.0.0",
          "System.Text.Json": "7.0.0"
        }
      },
      "Microsoft.Extensions.Logging.Debug": {
        "type": "Transitive",
        "resolved": "7.0.0",
        "contentHash": "tFGGyPDpJ8ZdQdeckCArP7nZuoY3am9zJWuvp4OD1bHq65S0epW9BNHzAWeaIO4eYwWnGm1jRNt3vRciH8H6MA==",
        "dependencies": {
          "Microsoft.Extensions.DependencyInjection.Abstractions": "7.0.0",
          "Microsoft.Extensions.Logging": "7.0.0",
          "Microsoft.Extensions.Logging.Abstractions": "7.0.0"
        }
      },
      "Microsoft.Extensions.Logging.EventLog": {
        "type": "Transitive",
        "resolved": "7.0.0",
        "contentHash": "Rp7cYL9xQRVTgjMl77H5YDxszAaO+mlA+KT0BnLSVhuCoKQQOOs1sSK2/x8BK2dZ/lKeAC/CVF+20Ef2dpKXwg==",
        "dependencies": {
          "Microsoft.Extensions.DependencyInjection.Abstractions": "7.0.0",
          "Microsoft.Extensions.Logging": "7.0.0",
          "Microsoft.Extensions.Logging.Abstractions": "7.0.0",
          "Microsoft.Extensions.Options": "7.0.0",
          "System.Diagnostics.EventLog": "7.0.0"
        }
      },
      "Microsoft.Extensions.Logging.EventSource": {
        "type": "Transitive",
        "resolved": "7.0.0",
        "contentHash": "MxQXndQFviIyOPqyMeLNshXnmqcfzEHE2wWcr7BF1unSisJgouZ3tItnq+aJLGPojrW8OZSC/ZdRoR6wAq+c7w==",
        "dependencies": {
          "Microsoft.Extensions.DependencyInjection.Abstractions": "7.0.0",
          "Microsoft.Extensions.Logging": "7.0.0",
          "Microsoft.Extensions.Logging.Abstractions": "7.0.0",
          "Microsoft.Extensions.Options": "7.0.0",
          "Microsoft.Extensions.Primitives": "7.0.0",
          "System.Text.Json": "7.0.0"
        }
      },
      "Microsoft.Extensions.Options": {
        "type": "Transitive",
        "resolved": "7.0.1",
        "contentHash": "pZRDYdN1FpepOIfHU62QoBQ6zdAoTvnjxFfqAzEd9Jhb2dfhA5i6jeTdgGgcgTWFRC7oT0+3XrbQu4LjvgX1Nw==",
        "dependencies": {
          "Microsoft.Extensions.DependencyInjection.Abstractions": "7.0.0",
          "Microsoft.Extensions.Primitives": "7.0.0"
        }
      },
      "Microsoft.Extensions.Options.ConfigurationExtensions": {
        "type": "Transitive",
        "resolved": "7.0.0",
        "contentHash": "95UnxZkkFdXxF6vSrtJsMHCzkDeSMuUWGs2hDT54cX+U5eVajrCJ3qLyQRW+CtpTt5OJ8bmTvpQVHu1DLhH+cA==",
        "dependencies": {
          "Microsoft.Extensions.Configuration.Abstractions": "7.0.0",
          "Microsoft.Extensions.Configuration.Binder": "7.0.0",
          "Microsoft.Extensions.DependencyInjection.Abstractions": "7.0.0",
          "Microsoft.Extensions.Options": "7.0.0",
          "Microsoft.Extensions.Primitives": "7.0.0"
        }
      },
      "Microsoft.Extensions.Primitives": {
        "type": "Transitive",
        "resolved": "7.0.0",
        "contentHash": "um1KU5kxcRp3CNuI8o/GrZtD4AIOXDk+RLsytjZ9QPok3ttLUelLKpilVPuaFT3TFjOhSibUAso0odbOaCDj3Q=="
      },
      "Microsoft.NETCore.Platforms": {
        "type": "Transitive",
        "resolved": "3.1.0",
        "contentHash": "z7aeg8oHln2CuNulfhiLYxCVMPEwBl3rzicjvIX+4sUuCwvXw5oXQEtbiU2c0z4qYL5L3Kmx0mMA/+t/SbY67w=="
      },
      "Microsoft.Win32.SystemEvents": {
        "type": "Transitive",
        "resolved": "4.7.0",
        "contentHash": "mtVirZr++rq+XCDITMUdnETD59XoeMxSpLRIII7JRI6Yj0LEDiO1pPn0ktlnIj12Ix8bfvQqQDMMIF9wC98oCA==",
        "dependencies": {
          "Microsoft.NETCore.Platforms": "3.1.0"
        }
      },
      "Refit": {
        "type": "Transitive",
        "resolved": "7.0.0",
        "contentHash": "MeOXucNjebiLiOM+hM4niN2cWLlwaQWNCGZs0LDUEoCVwOtV/IWOMOqlAbUeb8Y0/iOgMai2g6Gz9M/d6V7gtA==",
        "dependencies": {
          "System.Net.Http.Json": "7.0.1",
          "System.Text.Json": "7.0.3"
        }
      },
      "SixLabors.Fonts": {
        "type": "Transitive",
        "resolved": "1.0.0-beta18",
        "contentHash": "evykNmy/kEE9EAEKgZm3MNUYXuMHFfmcLUNPw7Ho5q7OI96GFkkIxBm+QaKOTPBKw+L0AjKOs+ArVg8P40Ac9g=="
      },
      "System.Diagnostics.DiagnosticSource": {
        "type": "Transitive",
        "resolved": "7.0.1",
        "contentHash": "T9SLFxzDp0SreCffRDXSAS5G+lq6E8qP4knHS2IBjwCdx2KEvGnGZsq7gFpselYOda7l6gXsJMD93TQsFj/URA=="
      },
      "System.Diagnostics.EventLog": {
        "type": "Transitive",
        "resolved": "7.0.0",
        "contentHash": "eUDP47obqQm3SFJfP6z+Fx2nJ4KKTQbXB4Q9Uesnzw9SbYdhjyoGXuvDn/gEmFY6N5Z3bFFbpAQGA7m6hrYJCw=="
      },
      "System.Drawing.Common": {
        "type": "Transitive",
        "resolved": "4.7.0",
        "contentHash": "v+XbyYHaZjDfn0ENmJEV1VYLgGgCTx1gnfOBcppowbpOAriglYgGCvFCPr2EEZyBvXlpxbEsTwkOlInl107ahA==",
        "dependencies": {
          "Microsoft.NETCore.Platforms": "3.1.0",
          "Microsoft.Win32.SystemEvents": "4.7.0"
        }
      },
      "System.Net.Http.Json": {
        "type": "Transitive",
        "resolved": "7.0.1",
        "contentHash": "ni8+BJnndbJI9AXme/qCYXg1s4RpdRJx3gKp5WzcWuLt4l3syuscgk5Becis6x4E7HbQk4z6A7FNXFQD75F+wQ==",
        "dependencies": {
          "System.Text.Json": "7.0.2"
        }
      },
      "System.Reflection.Emit": {
        "type": "Transitive",
        "resolved": "4.7.0",
        "contentHash": "VR4kk8XLKebQ4MZuKuIni/7oh+QGFmZW3qORd1GvBq/8026OpW501SzT/oypwiQl4TvT8ErnReh/NzY9u+C6wQ=="
      },
      "System.Security.AccessControl": {
        "type": "Transitive",
        "resolved": "6.0.0-preview.5.21301.5",
        "contentHash": "EA9ul7nGN8oggMvloILnR+wnrbgLNZZQBYHq5nEq/ixwnKLV3M3Tbd1Jbj8oGck3XMj0owq81e4Jxp3s0IMICw==",
        "dependencies": {
          "System.Security.Principal.Windows": "6.0.0-preview.5.21301.5"
        }
      },
      "System.Security.Principal.Windows": {
        "type": "Transitive",
        "resolved": "6.0.0-preview.5.21301.5",
        "contentHash": "ywwCqFAaRVbgqqORqYg8jdaX6NUEpzbuhxyUhAs+7mZ8AFAO4PzFYrZ5JPkYejXwougDldtbi0zOkk1lLzugLw=="
      },
      "System.Text.Encodings.Web": {
        "type": "Transitive",
        "resolved": "7.0.0",
        "contentHash": "OP6umVGxc0Z0MvZQBVigj4/U31Pw72ITihDWP9WiWDm+q5aoe0GaJivsfYGq53o6dxH7DcXWiCTl7+0o2CGdmg=="
      },
      "System.Text.Json": {
        "type": "Transitive",
        "resolved": "7.0.3",
        "contentHash": "AyjhwXN1zTFeIibHimfJn6eAsZ7rTBib79JQpzg8WAuR/HKDu9JGNHTuu3nbbXQ/bgI+U4z6HtZmCHNXB1QXrQ==",
        "dependencies": {
          "System.Text.Encodings.Web": "7.0.0"
        }
      },
      "System.ValueTuple": {
        "type": "Transitive",
        "resolved": "4.5.0",
        "contentHash": "okurQJO6NRE/apDIP23ajJ0hpiNmJ+f0BwOlB/cSqTLQlw5upkf+5+96+iG2Jw40G1fCVCyPz/FhIABUjMR+RQ=="
      },
      "pixeval.controls": {
        "type": "Project",
        "dependencies": {
          "CommunityToolkit.Mvvm": "[8.2.1, )",
          "CommunityToolkit.WinUI.Extensions": "[8.0.230907, )",
          "Microsoft.Graphics.Win2D": "[1.0.5.1, )",
          "Microsoft.Windows.SDK.BuildTools": "[10.0.25206-preview, )",
          "Microsoft.WindowsAppSDK": "[1.4.230518007-experimental1, )",
          "WinUI3Utilities": "[1.1.4.3, )"
        }
      },
      "pixeval.coreapi": {
        "type": "Project",
        "dependencies": {
          "Autofac": "[7.0.1, )",
          "JetBrains.Annotations": "[2023.2.0, )",
          "Pixeval.Utilities": "[1.0.0, )",
          "Refit": "[7.0.0, )"
        }
      },
      "pixeval.utilities": {
        "type": "Project",
        "dependencies": {
          "CommunityToolkit.HighPerformance": "[8.2.1, )",
          "JetBrains.Annotations": "[2023.2.0, )"
        }
      }
    },
    "net7.0-windows10.0.19041/win10-arm64": {
      "Microsoft.Graphics.Win2D": {
        "type": "Direct",
        "requested": "[1.0.5.1, )",
        "resolved": "1.0.5.1",
        "contentHash": "9DVEVvyQWWz8kqhsFBAx9Zv4KRIAcmxuT7kFpK1Fgh6czSiMB+CQW0DlhZXT44Mtv41FRXG47lhEv+7a2YyiLA==",
        "dependencies": {
          "Microsoft.WindowsAppSDK": "1.0.4"
        }
      },
      "Microsoft.Win32.Registry": {
        "type": "Direct",
        "requested": "[6.0.0-preview.5.21301.5, )",
        "resolved": "6.0.0-preview.5.21301.5",
        "contentHash": "qYLtJIAEJJmY2vXxlVO8x4uXfgq7DFOHjpmnHlLm7kmAvyNFckYY/Dx5CZythBXvI2/7sratbIGKqSTysfgZ8A==",
        "dependencies": {
          "System.Security.AccessControl": "6.0.0-preview.5.21301.5",
          "System.Security.Principal.Windows": "6.0.0-preview.5.21301.5"
        }
      },
      "Microsoft.WindowsAppSDK": {
        "type": "Direct",
        "requested": "[1.4.230518007-experimental1, )",
        "resolved": "1.4.230518007-experimental1",
        "contentHash": "3AhPasvmzgQmz12zm9gHoyJcWXaK6ZLxWVfgmrkNl1J4Mo4kid1+THlh+DjgEC4SWz+1B8XPnEhXCcxGmXiwHQ==",
        "dependencies": {
          "Microsoft.Windows.SDK.BuildTools": "10.0.22621.1"
        }
      },
      "Microsoft.Win32.SystemEvents": {
        "type": "Transitive",
        "resolved": "4.7.0",
        "contentHash": "mtVirZr++rq+XCDITMUdnETD59XoeMxSpLRIII7JRI6Yj0LEDiO1pPn0ktlnIj12Ix8bfvQqQDMMIF9wC98oCA==",
        "dependencies": {
          "Microsoft.NETCore.Platforms": "3.1.0"
        }
      },
      "System.Diagnostics.EventLog": {
        "type": "Transitive",
        "resolved": "7.0.0",
        "contentHash": "eUDP47obqQm3SFJfP6z+Fx2nJ4KKTQbXB4Q9Uesnzw9SbYdhjyoGXuvDn/gEmFY6N5Z3bFFbpAQGA7m6hrYJCw=="
      },
      "System.Drawing.Common": {
        "type": "Transitive",
        "resolved": "4.7.0",
        "contentHash": "v+XbyYHaZjDfn0ENmJEV1VYLgGgCTx1gnfOBcppowbpOAriglYgGCvFCPr2EEZyBvXlpxbEsTwkOlInl107ahA==",
        "dependencies": {
          "Microsoft.NETCore.Platforms": "3.1.0",
          "Microsoft.Win32.SystemEvents": "4.7.0"
        }
      },
      "System.Security.AccessControl": {
        "type": "Transitive",
        "resolved": "6.0.0-preview.5.21301.5",
        "contentHash": "EA9ul7nGN8oggMvloILnR+wnrbgLNZZQBYHq5nEq/ixwnKLV3M3Tbd1Jbj8oGck3XMj0owq81e4Jxp3s0IMICw==",
        "dependencies": {
          "System.Security.Principal.Windows": "6.0.0-preview.5.21301.5"
        }
      },
      "System.Security.Principal.Windows": {
        "type": "Transitive",
        "resolved": "6.0.0-preview.5.21301.5",
        "contentHash": "ywwCqFAaRVbgqqORqYg8jdaX6NUEpzbuhxyUhAs+7mZ8AFAO4PzFYrZ5JPkYejXwougDldtbi0zOkk1lLzugLw=="
      },
      "System.Text.Encodings.Web": {
        "type": "Transitive",
        "resolved": "7.0.0",
        "contentHash": "OP6umVGxc0Z0MvZQBVigj4/U31Pw72ITihDWP9WiWDm+q5aoe0GaJivsfYGq53o6dxH7DcXWiCTl7+0o2CGdmg=="
      }
    },
    "net7.0-windows10.0.19041/win10-x64": {
      "Microsoft.Graphics.Win2D": {
        "type": "Direct",
        "requested": "[1.0.5.1, )",
        "resolved": "1.0.5.1",
        "contentHash": "9DVEVvyQWWz8kqhsFBAx9Zv4KRIAcmxuT7kFpK1Fgh6czSiMB+CQW0DlhZXT44Mtv41FRXG47lhEv+7a2YyiLA==",
        "dependencies": {
          "Microsoft.WindowsAppSDK": "1.0.4"
        }
      },
      "Microsoft.Win32.Registry": {
        "type": "Direct",
        "requested": "[6.0.0-preview.5.21301.5, )",
        "resolved": "6.0.0-preview.5.21301.5",
        "contentHash": "qYLtJIAEJJmY2vXxlVO8x4uXfgq7DFOHjpmnHlLm7kmAvyNFckYY/Dx5CZythBXvI2/7sratbIGKqSTysfgZ8A==",
        "dependencies": {
          "System.Security.AccessControl": "6.0.0-preview.5.21301.5",
          "System.Security.Principal.Windows": "6.0.0-preview.5.21301.5"
        }
      },
      "Microsoft.WindowsAppSDK": {
        "type": "Direct",
        "requested": "[1.4.230518007-experimental1, )",
        "resolved": "1.4.230518007-experimental1",
        "contentHash": "3AhPasvmzgQmz12zm9gHoyJcWXaK6ZLxWVfgmrkNl1J4Mo4kid1+THlh+DjgEC4SWz+1B8XPnEhXCcxGmXiwHQ==",
        "dependencies": {
          "Microsoft.Windows.SDK.BuildTools": "10.0.22621.1"
        }
      },
      "Microsoft.Win32.SystemEvents": {
        "type": "Transitive",
        "resolved": "4.7.0",
        "contentHash": "mtVirZr++rq+XCDITMUdnETD59XoeMxSpLRIII7JRI6Yj0LEDiO1pPn0ktlnIj12Ix8bfvQqQDMMIF9wC98oCA==",
        "dependencies": {
          "Microsoft.NETCore.Platforms": "3.1.0"
        }
      },
      "System.Diagnostics.EventLog": {
        "type": "Transitive",
        "resolved": "7.0.0",
        "contentHash": "eUDP47obqQm3SFJfP6z+Fx2nJ4KKTQbXB4Q9Uesnzw9SbYdhjyoGXuvDn/gEmFY6N5Z3bFFbpAQGA7m6hrYJCw=="
      },
      "System.Drawing.Common": {
        "type": "Transitive",
        "resolved": "4.7.0",
        "contentHash": "v+XbyYHaZjDfn0ENmJEV1VYLgGgCTx1gnfOBcppowbpOAriglYgGCvFCPr2EEZyBvXlpxbEsTwkOlInl107ahA==",
        "dependencies": {
          "Microsoft.NETCore.Platforms": "3.1.0",
          "Microsoft.Win32.SystemEvents": "4.7.0"
        }
      },
      "System.Security.AccessControl": {
        "type": "Transitive",
        "resolved": "6.0.0-preview.5.21301.5",
        "contentHash": "EA9ul7nGN8oggMvloILnR+wnrbgLNZZQBYHq5nEq/ixwnKLV3M3Tbd1Jbj8oGck3XMj0owq81e4Jxp3s0IMICw==",
        "dependencies": {
          "System.Security.Principal.Windows": "6.0.0-preview.5.21301.5"
        }
      },
      "System.Security.Principal.Windows": {
        "type": "Transitive",
        "resolved": "6.0.0-preview.5.21301.5",
        "contentHash": "ywwCqFAaRVbgqqORqYg8jdaX6NUEpzbuhxyUhAs+7mZ8AFAO4PzFYrZ5JPkYejXwougDldtbi0zOkk1lLzugLw=="
      },
      "System.Text.Encodings.Web": {
        "type": "Transitive",
        "resolved": "7.0.0",
        "contentHash": "OP6umVGxc0Z0MvZQBVigj4/U31Pw72ITihDWP9WiWDm+q5aoe0GaJivsfYGq53o6dxH7DcXWiCTl7+0o2CGdmg=="
      }
    },
    "net7.0-windows10.0.19041/win10-x86": {
      "Microsoft.Graphics.Win2D": {
        "type": "Direct",
        "requested": "[1.0.5.1, )",
        "resolved": "1.0.5.1",
        "contentHash": "9DVEVvyQWWz8kqhsFBAx9Zv4KRIAcmxuT7kFpK1Fgh6czSiMB+CQW0DlhZXT44Mtv41FRXG47lhEv+7a2YyiLA==",
        "dependencies": {
          "Microsoft.WindowsAppSDK": "1.0.4"
        }
      },
      "Microsoft.Win32.Registry": {
        "type": "Direct",
        "requested": "[6.0.0-preview.5.21301.5, )",
        "resolved": "6.0.0-preview.5.21301.5",
        "contentHash": "qYLtJIAEJJmY2vXxlVO8x4uXfgq7DFOHjpmnHlLm7kmAvyNFckYY/Dx5CZythBXvI2/7sratbIGKqSTysfgZ8A==",
        "dependencies": {
          "System.Security.AccessControl": "6.0.0-preview.5.21301.5",
          "System.Security.Principal.Windows": "6.0.0-preview.5.21301.5"
        }
      },
      "Microsoft.WindowsAppSDK": {
        "type": "Direct",
        "requested": "[1.4.230518007-experimental1, )",
        "resolved": "1.4.230518007-experimental1",
        "contentHash": "3AhPasvmzgQmz12zm9gHoyJcWXaK6ZLxWVfgmrkNl1J4Mo4kid1+THlh+DjgEC4SWz+1B8XPnEhXCcxGmXiwHQ==",
        "dependencies": {
          "Microsoft.Windows.SDK.BuildTools": "10.0.22621.1"
        }
      },
      "Microsoft.Win32.SystemEvents": {
        "type": "Transitive",
        "resolved": "4.7.0",
        "contentHash": "mtVirZr++rq+XCDITMUdnETD59XoeMxSpLRIII7JRI6Yj0LEDiO1pPn0ktlnIj12Ix8bfvQqQDMMIF9wC98oCA==",
        "dependencies": {
          "Microsoft.NETCore.Platforms": "3.1.0"
        }
      },
      "System.Diagnostics.EventLog": {
        "type": "Transitive",
        "resolved": "7.0.0",
        "contentHash": "eUDP47obqQm3SFJfP6z+Fx2nJ4KKTQbXB4Q9Uesnzw9SbYdhjyoGXuvDn/gEmFY6N5Z3bFFbpAQGA7m6hrYJCw=="
      },
      "System.Drawing.Common": {
        "type": "Transitive",
        "resolved": "4.7.0",
        "contentHash": "v+XbyYHaZjDfn0ENmJEV1VYLgGgCTx1gnfOBcppowbpOAriglYgGCvFCPr2EEZyBvXlpxbEsTwkOlInl107ahA==",
        "dependencies": {
          "Microsoft.NETCore.Platforms": "3.1.0",
          "Microsoft.Win32.SystemEvents": "4.7.0"
        }
      },
      "System.Security.AccessControl": {
        "type": "Transitive",
        "resolved": "6.0.0-preview.5.21301.5",
        "contentHash": "EA9ul7nGN8oggMvloILnR+wnrbgLNZZQBYHq5nEq/ixwnKLV3M3Tbd1Jbj8oGck3XMj0owq81e4Jxp3s0IMICw==",
        "dependencies": {
          "System.Security.Principal.Windows": "6.0.0-preview.5.21301.5"
        }
      },
      "System.Security.Principal.Windows": {
        "type": "Transitive",
        "resolved": "6.0.0-preview.5.21301.5",
        "contentHash": "ywwCqFAaRVbgqqORqYg8jdaX6NUEpzbuhxyUhAs+7mZ8AFAO4PzFYrZ5JPkYejXwougDldtbi0zOkk1lLzugLw=="
      },
      "System.Text.Encodings.Web": {
        "type": "Transitive",
        "resolved": "7.0.0",
        "contentHash": "OP6umVGxc0Z0MvZQBVigj4/U31Pw72ITihDWP9WiWDm+q5aoe0GaJivsfYGq53o6dxH7DcXWiCTl7+0o2CGdmg=="
      }
    }
  }
}